// !$*UTF8*$!
{
	archiveVersion = 1;
	classes = {
	};
	objectVersion = 77;
	objects = {

/* Begin PBXContainerItemProxy section */
		CAEA92642E50110100FB0A5B /* PBXContainerItemProxy */ = {
			isa = PBXContainerItemProxy;
			containerPortal = CAEA92482E5010FE00FB0A5B /* Project object */;
			proxyType = 1;
			remoteGlobalIDString = CAEA924F2E5010FE00FB0A5B;
			remoteInfo = PicMob;
		};
		CAEA926E2E50110100FB0A5B /* PBXContainerItemProxy */ = {
			isa = PBXContainerItemProxy;
			containerPortal = CAEA92482E5010FE00FB0A5B /* Project object */;
			proxyType = 1;
			remoteGlobalIDString = CAEA924F2E5010FE00FB0A5B;
			remoteInfo = PicMob;
		};
/* End PBXContainerItemProxy section */

/* Begin PBXFileReference section */
		CAEA92502E5010FE00FB0A5B /* PicMob.app */ = {isa = PBXFileReference; explicitFileType = wrapper.application; includeInIndex = 0; path = PicMob.app; sourceTree = BUILT_PRODUCTS_DIR; };
		CAEA92632E50110100FB0A5B /* PicMobTests.xctest */ = {isa = PBXFileReference; explicitFileType = wrapper.cfbundle; includeInIndex = 0; path = PicMobTests.xctest; sourceTree = BUILT_PRODUCTS_DIR; };
		CAEA926D2E50110100FB0A5B /* PicMobUITests.xctest */ = {isa = PBXFileReference; explicitFileType = wrapper.cfbundle; includeInIndex = 0; path = PicMobUITests.xctest; sourceTree = BUILT_PRODUCTS_DIR; };
/* End PBXFileReference section */

/* Begin PBXFileSystemSynchronizedRootGroup section */
		CAEA92522E5010FE00FB0A5B /* PicMob */ = {
			isa = PBXFileSystemSynchronizedRootGroup;
			path = PicMob;
			sourceTree = "<group>";
		};
		CAEA92662E50110100FB0A5B /* PicMobTests */ = {
			isa = PBXFileSystemSynchronizedRootGroup;
			path = PicMobTests;
			sourceTree = "<group>";
		};
		CAEA92702E50110100FB0A5B /* PicMobUITests */ = {
			isa = PBXFileSystemSynchronizedRootGroup;
			path = PicMobUITests;
			sourceTree = "<group>";
		};
/* End PBXFileSystemSynchronizedRootGroup section */

/* Begin PBXFrameworksBuildPhase section */
		CAEA924D2E5010FE00FB0A5B /* Frameworks */ = {
			isa = PBXFrameworksBuildPhase;
			buildActionMask = 2147483647;
			files = (
			);
			runOnlyForDeploymentPostprocessing = 0;
		};
		CAEA92602E50110100FB0A5B /* Frameworks */ = {
			isa = PBXFrameworksBuildPhase;
			buildActionMask = 2147483647;
			files = (
			);
			runOnlyForDeploymentPostprocessing = 0;
		};
		CAEA926A2E50110100FB0A5B /* Frameworks */ = {
			isa = PBXFrameworksBuildPhase;
			buildActionMask = 2147483647;
			files = (
			);
			runOnlyForDeploymentPostprocessing = 0;
		};
/* End PBXFrameworksBuildPhase section */

/* Begin PBXGroup section */
		CAEA92472E5010FE00FB0A5B = {
			isa = PBXGroup;
			children = (
				CAEA92522E5010FE00FB0A5B /* PicMob */,
				CAEA92662E50110100FB0A5B /* PicMobTests */,
				CAEA92702E50110100FB0A5B /* PicMobUITests */,
				CAEA92512E5010FE00FB0A5B /* Products */,
			);
			sourceTree = "<group>";
		};
		CAEA92512E5010FE00FB0A5B /* Products */ = {
			isa = PBXGroup;
			children = (
				CAEA92502E5010FE00FB0A5B /* PicMob.app */,
				CAEA92632E50110100FB0A5B /* PicMobTests.xctest */,
				CAEA926D2E50110100FB0A5B /* PicMobUITests.xctest */,
			);
			name = Products;
			sourceTree = "<group>";
		};
/* End PBXGroup section */

/* Begin PBXNativeTarget section */
		CAEA924F2E5010FE00FB0A5B /* PicMob */ = {
			isa = PBXNativeTarget;
			buildConfigurationList = CAEA92772E50110100FB0A5B /* Build configuration list for PBXNativeTarget "PicMob" */;
			buildPhases = (
				CAEA924C2E5010FE00FB0A5B /* Sources */,
				CAEA924D2E5010FE00FB0A5B /* Frameworks */,
				CAEA924E2E5010FE00FB0A5B /* Resources */,
			);
			buildRules = (
			);
			dependencies = (
			);
			fileSystemSynchronizedGroups = (
				CAEA92522E5010FE00FB0A5B /* PicMob */,
			);
			name = PicMob;
			packageProductDependencies = (
			);
			productName = PicMob;
			productReference = CAEA92502E5010FE00FB0A5B /* PicMob.app */;
			productType = "com.apple.product-type.application";
		};
		CAEA92622E50110100FB0A5B /* PicMobTests */ = {
			isa = PBXNativeTarget;
			buildConfigurationList = CAEA927A2E50110100FB0A5B /* Build configuration list for PBXNativeTarget "PicMobTests" */;
			buildPhases = (
				CAEA925F2E50110100FB0A5B /* Sources */,
				CAEA92602E50110100FB0A5B /* Frameworks */,
				CAEA92612E50110100FB0A5B /* Resources */,
			);
			buildRules = (
			);
			dependencies = (
				CAEA92652E50110100FB0A5B /* PBXTargetDependency */,
			);
			fileSystemSynchronizedGroups = (
				CAEA92662E50110100FB0A5B /* PicMobTests */,
			);
			name = PicMobTests;
			packageProductDependencies = (
			);
			productName = PicMobTests;
			productReference = CAEA92632E50110100FB0A5B /* PicMobTests.xctest */;
			productType = "com.apple.product-type.bundle.unit-test";
		};
		CAEA926C2E50110100FB0A5B /* PicMobUITests */ = {
			isa = PBXNativeTarget;
			buildConfigurationList = CAEA927D2E50110100FB0A5B /* Build configuration list for PBXNativeTarget "PicMobUITests" */;
			buildPhases = (
				CAEA92692E50110100FB0A5B /* Sources */,
				CAEA926A2E50110100FB0A5B /* Frameworks */,
				CAEA926B2E50110100FB0A5B /* Resources */,
			);
			buildRules = (
			);
			dependencies = (
				CAEA926F2E50110100FB0A5B /* PBXTargetDependency */,
			);
			fileSystemSynchronizedGroups = (
				CAEA92702E50110100FB0A5B /* PicMobUITests */,
			);
			name = PicMobUITests;
			packageProductDependencies = (
			);
			productName = PicMobUITests;
			productReference = CAEA926D2E50110100FB0A5B /* PicMobUITests.xctest */;
			productType = "com.apple.product-type.bundle.ui-testing";
		};
/* End PBXNativeTarget section */

/* Begin PBXProject section */
		CAEA92482E5010FE00FB0A5B /* Project object */ = {
			isa = PBXProject;
			attributes = {
				BuildIndependentTargetsInParallel = 1;
				LastSwiftUpdateCheck = 1640;
				LastUpgradeCheck = 1640;
				TargetAttributes = {
					CAEA924F2E5010FE00FB0A5B = {
						CreatedOnToolsVersion = 16.4;
					};
					CAEA92622E50110100FB0A5B = {
						CreatedOnToolsVersion = 16.4;
						TestTargetID = CAEA924F2E5010FE00FB0A5B;
					};
					CAEA926C2E50110100FB0A5B = {
						CreatedOnToolsVersion = 16.4;
						TestTargetID = CAEA924F2E5010FE00FB0A5B;
					};
				};
			};
			buildConfigurationList = CAEA924B2E5010FE00FB0A5B /* Build configuration list for PBXProject "PicMob" */;
			developmentRegion = en;
			hasScannedForEncodings = 0;
			knownRegions = (
				en,
				Base,
			);
			mainGroup = CAEA92472E5010FE00FB0A5B;
			minimizedProjectReferenceProxies = 1;
			preferredProjectObjectVersion = 77;
			productRefGroup = CAEA92512E5010FE00FB0A5B /* Products */;
			projectDirPath = "";
			projectRoot = "";
			targets = (
				CAEA924F2E5010FE00FB0A5B /* PicMob */,
				CAEA92622E50110100FB0A5B /* PicMobTests */,
				CAEA926C2E50110100FB0A5B /* PicMobUITests */,
			);
		};
/* End PBXProject section */

/* Begin PBXResourcesBuildPhase section */
		CAEA924E2E5010FE00FB0A5B /* Resources */ = {
			isa = PBXResourcesBuildPhase;
			buildActionMask = 2147483647;
			files = (
			);
			runOnlyForDeploymentPostprocessing = 0;
		};
		CAEA92612E50110100FB0A5B /* Resources */ = {
			isa = PBXResourcesBuildPhase;
			buildActionMask = 2147483647;
			files = (
			);
			runOnlyForDeploymentPostprocessing = 0;
		};
		CAEA926B2E50110100FB0A5B /* Resources */ = {
			isa = PBXResourcesBuildPhase;
			buildActionMask = 2147483647;
			files = (
			);
			runOnlyForDeploymentPostprocessing = 0;
		};
/* End PBXResourcesBuildPhase section */

/* Begin PBXSourcesBuildPhase section */
		CAEA924C2E5010FE00FB0A5B /* Sources */ = {
			isa = PBXSourcesBuildPhase;
			buildActionMask = 2147483647;
			files = (
			);
			runOnlyForDeploymentPostprocessing = 0;
		};
		CAEA925F2E50110100FB0A5B /* Sources */ = {
			isa = PBXSourcesBuildPhase;
			buildActionMask = 2147483647;
			files = (
			);
			runOnlyForDeploymentPostprocessing = 0;
		};
		CAEA92692E50110100FB0A5B /* Sources */ = {
			isa = PBXSourcesBuildPhase;
			buildActionMask = 2147483647;
			files = (
			);
			runOnlyForDeploymentPostprocessing = 0;
		};
/* End PBXSourcesBuildPhase section */

/* Begin PBXTargetDependency section */
		CAEA92652E50110100FB0A5B /* PBXTargetDependency */ = {
			isa = PBXTargetDependency;
			target = CAEA924F2E5010FE00FB0A5B /* PicMob */;
			targetProxy = CAEA92642E50110100FB0A5B /* PBXContainerItemProxy */;
		};
		CAEA926F2E50110100FB0A5B /* PBXTargetDependency */ = {
			isa = PBXTargetDependency;
			target = CAEA924F2E5010FE00FB0A5B /* PicMob */;
			targetProxy = CAEA926E2E50110100FB0A5B /* PBXContainerItemProxy */;
		};
/* End PBXTargetDependency section */

/* Begin XCBuildConfiguration section */
		CAEA92752E50110100FB0A5B /* Debug */ = {
			isa = XCBuildConfiguration;
			buildSettings = {
				ALWAYS_SEARCH_USER_PATHS = NO;
				ASSETCATALOG_COMPILER_GENERATE_SWIFT_ASSET_SYMBOL_EXTENSIONS = YES;
				CLANG_ANALYZER_NONNULL = YES;
				CLANG_ANALYZER_NUMBER_OBJECT_CONVERSION = YES_AGGRESSIVE;
				CLANG_CXX_LANGUAGE_STANDARD = "gnu++20";
				CLANG_ENABLE_MODULES = YES;
				CLANG_ENABLE_OBJC_ARC = YES;
				CLANG_ENABLE_OBJC_WEAK = YES;
				CLANG_WARN_BLOCK_CAPTURE_AUTORELEASING = YES;
				CLANG_WARN_BOOL_CONVERSION = YES;
				CLANG_WARN_COMMA = YES;
				CLANG_WARN_CONSTANT_CONVERSION = YES;
				CLANG_WARN_DEPRECATED_OBJC_IMPLEMENTATIONS = YES;
				CLANG_WARN_DIRECT_OBJC_ISA_USAGE = YES_ERROR;
				CLANG_WARN_DOCUMENTATION_COMMENTS = YES;
				CLANG_WARN_EMPTY_BODY = YES;
				CLANG_WARN_ENUM_CONVERSION = YES;
				CLANG_WARN_INFINITE_RECURSION = YES;
				CLANG_WARN_INT_CONVERSION = YES;
				CLANG_WARN_NON_LITERAL_NULL_CONVERSION = YES;
				CLANG_WARN_OBJC_IMPLICIT_RETAIN_SELF = YES;
				CLANG_WARN_OBJC_LITERAL_CONVERSION = YES;
				CLANG_WARN_OBJC_ROOT_CLASS = YES_ERROR;
				CLANG_WARN_QUOTED_INCLUDE_IN_FRAMEWORK_HEADER = YES;
				CLANG_WARN_RANGE_LOOP_ANALYSIS = YES;
				CLANG_WARN_STRICT_PROTOTYPES = YES;
				CLANG_WARN_SUSPICIOUS_MOVE = YES;
				CLANG_WARN_UNGUARDED_AVAILABILITY = YES_AGGRESSIVE;
				CLANG_WARN_UNREACHABLE_CODE = YES;
				CLANG_WARN__DUPLICATE_METHOD_MATCH = YES;
				COPY_PHASE_STRIP = NO;
				DEBUG_INFORMATION_FORMAT = dwarf;
				DEVELOPMENT_TEAM = 538QNVLWHG;
				ENABLE_STRICT_OBJC_MSGSEND = YES;
				ENABLE_TESTABILITY = YES;
				ENABLE_USER_SCRIPT_SANDBOXING = YES;
				GCC_C_LANGUAGE_STANDARD = gnu17;
				GCC_DYNAMIC_NO_PIC = NO;
				GCC_NO_COMMON_BLOCKS = YES;
				GCC_OPTIMIZATION_LEVEL = 0;
				GCC_PREPROCESSOR_DEFINITIONS = (
					"DEBUG=1",
					"$(inherited)",
				);
				GCC_WARN_64_TO_32_BIT_CONVERSION = YES;
				GCC_WARN_ABOUT_RETURN_TYPE = YES_ERROR;
				GCC_WARN_UNDECLARED_SELECTOR = YES;
				GCC_WARN_UNINITIALIZED_AUTOS = YES_AGGRESSIVE;
				GCC_WARN_UNUSED_FUNCTION = YES;
				GCC_WARN_UNUSED_VARIABLE = YES;
				LOCALIZATION_PREFERS_STRING_CATALOGS = YES;
				MACOSX_DEPLOYMENT_TARGET = 15.5;
				MTL_ENABLE_DEBUG_INFO = INCLUDE_SOURCE;
				MTL_FAST_MATH = YES;
				ONLY_ACTIVE_ARCH = YES;
				SDKROOT = macosx;
				SWIFT_ACTIVE_COMPILATION_CONDITIONS = "DEBUG $(inherited)";
				SWIFT_OPTIMIZATION_LEVEL = "-Onone";
			};
			name = Debug;
		};
		CAEA92762E50110100FB0A5B /* Release */ = {
			isa = XCBuildConfiguration;
			buildSettings = {
				ALWAYS_SEARCH_USER_PATHS = NO;
				ASSETCATALOG_COMPILER_GENERATE_SWIFT_ASSET_SYMBOL_EXTENSIONS = YES;
				CLANG_ANALYZER_NONNULL = YES;
				CLANG_ANALYZER_NUMBER_OBJECT_CONVERSION = YES_AGGRESSIVE;
				CLANG_CXX_LANGUAGE_STANDARD = "gnu++20";
				CLANG_ENABLE_MODULES = YES;
				CLANG_ENABLE_OBJC_ARC = YES;
				CLANG_ENABLE_OBJC_WEAK = YES;
				CLANG_WARN_BLOCK_CAPTURE_AUTORELEASING = YES;
				CLANG_WARN_BOOL_CONVERSION = YES;
				CLANG_WARN_COMMA = YES;
				CLANG_WARN_CONSTANT_CONVERSION = YES;
				CLANG_WARN_DEPRECATED_OBJC_IMPLEMENTATIONS = YES;
				CLANG_WARN_DIRECT_OBJC_ISA_USAGE = YES_ERROR;
				CLANG_WARN_DOCUMENTATION_COMMENTS = YES;
				CLANG_WARN_EMPTY_BODY = YES;
				CLANG_WARN_ENUM_CONVERSION = YES;
				CLANG_WARN_INFINITE_RECURSION = YES;
				CLANG_WARN_INT_CONVERSION = YES;
				CLANG_WARN_NON_LITERAL_NULL_CONVERSION = YES;
				CLANG_WARN_OBJC_IMPLICIT_RETAIN_SELF = YES;
				CLANG_WARN_OBJC_LITERAL_CONVERSION = YES;
				CLANG_WARN_OBJC_ROOT_CLASS = YES_ERROR;
				CLANG_WARN_QUOTED_INCLUDE_IN_FRAMEWORK_HEADER = YES;
				CLANG_WARN_RANGE_LOOP_ANALYSIS = YES;
				CLANG_WARN_STRICT_PROTOTYPES = YES;
				CLANG_WARN_SUSPICIOUS_MOVE = YES;
				CLANG_WARN_UNGUARDED_AVAILABILITY = YES_AGGRESSIVE;
				CLANG_WARN_UNREACHABLE_CODE = YES;
				CLANG_WARN__DUPLICATE_METHOD_MATCH = YES;
				COPY_PHASE_STRIP = NO;
				DEBUG_INFORMATION_FORMAT = "dwarf-with-dsym";
				DEVELOPMENT_TEAM = 538QNVLWHG;
				ENABLE_NS_ASSERTIONS = NO;
				ENABLE_STRICT_OBJC_MSGSEND = YES;
				ENABLE_USER_SCRIPT_SANDBOXING = YES;
				GCC_C_LANGUAGE_STANDARD = gnu17;
				GCC_NO_COMMON_BLOCKS = YES;
				GCC_WARN_64_TO_32_BIT_CONVERSION = YES;
				GCC_WARN_ABOUT_RETURN_TYPE = YES_ERROR;
				GCC_WARN_UNDECLARED_SELECTOR = YES;
				GCC_WARN_UNINITIALIZED_AUTOS = YES_AGGRESSIVE;
				GCC_WARN_UNUSED_FUNCTION = YES;
				GCC_WARN_UNUSED_VARIABLE = YES;
				LOCALIZATION_PREFERS_STRING_CATALOGS = YES;
				MACOSX_DEPLOYMENT_TARGET = 15.5;
				MTL_ENABLE_DEBUG_INFO = NO;
				MTL_FAST_MATH = YES;
				SDKROOT = macosx;
				SWIFT_COMPILATION_MODE = wholemodule;
			};
			name = Release;
		};
		CAEA92782E50110100FB0A5B /* Debug */ = {
			isa = XCBuildConfiguration;
			buildSettings = {
				ASSETCATALOG_COMPILER_APPICON_NAME = AppIcon;
				ASSETCATALOG_COMPILER_GLOBAL_ACCENT_COLOR_NAME = AccentColor;
				CODE_SIGN_ENTITLEMENTS = PicMob/PicMob.entitlements;
				CODE_SIGN_STYLE = Automatic;
				COMBINE_HIDPI_IMAGES = YES;
				CURRENT_PROJECT_VERSION = 1;
				DEVELOPMENT_TEAM = 538QNVLWHG;
				ENABLE_HARDENED_RUNTIME = YES;
				ENABLE_PREVIEWS = YES;
				GENERATE_INFOPLIST_FILE = YES;
				INFOPLIST_KEY_CFBundleDisplayName = PicMob;
				INFOPLIST_KEY_NSHumanReadableCopyright = "";
				LD_RUNPATH_SEARCH_PATHS = (
					"$(inherited)",
					"@executable_path/../Frameworks",
				);
				MARKETING_VERSION = 1.0;
				PRODUCT_BUNDLE_IDENTIFIER = com.stevenpounds.PicMob;
				PRODUCT_NAME = "$(TARGET_NAME)";
				REGISTER_APP_GROUPS = YES;
				SWIFT_EMIT_LOC_STRINGS = YES;
				SWIFT_VERSION = 5.0;
			};
			name = Debug;
		};
		CAEA92792E50110100FB0A5B /* Release */ = {
			isa = XCBuildConfiguration;
			buildSettings = {
				ASSETCATALOG_COMPILER_APPICON_NAME = AppIcon;
				ASSETCATALOG_COMPILER_GLOBAL_ACCENT_COLOR_NAME = AccentColor;
				CODE_SIGN_ENTITLEMENTS = PicMob/PicMob.entitlements;
				CODE_SIGN_STYLE = Automatic;
				COMBINE_HIDPI_IMAGES = YES;
				CURRENT_PROJECT_VERSION = 1;
				DEVELOPMENT_TEAM = 538QNVLWHG;
				ENABLE_HARDENED_RUNTIME = YES;
				ENABLE_PREVIEWS = YES;
				GENERATE_INFOPLIST_FILE = YES;
				INFOPLIST_KEY_CFBundleDisplayName = PicMob;
				INFOPLIST_KEY_NSHumanReadableCopyright = "";
				LD_RUNPATH_SEARCH_PATHS = (
					"$(inherited)",
					"@executable_path/../Frameworks",
				);
				MARKETING_VERSION = 1.0;
				PRODUCT_BUNDLE_IDENTIFIER = com.stevenpounds.PicMob;
				PRODUCT_NAME = "$(TARGET_NAME)";
				REGISTER_APP_GROUPS = YES;
				SWIFT_EMIT_LOC_STRINGS = YES;
				SWIFT_VERSION = 5.0;
			};
			name = Release;
		};
		CAEA927B2E50110100FB0A5B /* Debug */ = {
			isa = XCBuildConfiguration;
			buildSettings = {
				BUNDLE_LOADER = "$(TEST_HOST)";
				CODE_SIGN_STYLE = Automatic;
				CURRENT_PROJECT_VERSION = 1;
				DEVELOPMENT_TEAM = 538QNVLWHG;
				GENERATE_INFOPLIST_FILE = YES;
				MACOSX_DEPLOYMENT_TARGET = 15.5;
				MARKETING_VERSION = 1.0;
				PRODUCT_BUNDLE_IDENTIFIER = com.stevenpounds.PicMobTests;
				PRODUCT_NAME = "$(TARGET_NAME)";
				SWIFT_EMIT_LOC_STRINGS = NO;
				SWIFT_VERSION = 5.0;
				TEST_HOST = "$(BUILT_PRODUCTS_DIR)/PicMob.app/$(BUNDLE_EXECUTABLE_FOLDER_PATH)/PicMob";
			};
			name = Debug;
		};
		CAEA927C2E50110100FB0A5B /* Release */ = {
			isa = XCBuildConfiguration;
			buildSettings = {
				BUNDLE_LOADER = "$(TEST_HOST)";
				CODE_SIGN_STYLE = Automatic;
				CURRENT_PROJECT_VERSION = 1;
				DEVELOPMENT_TEAM = 538QNVLWHG;
				GENERATE_INFOPLIST_FILE = YES;
				MACOSX_DEPLOYMENT_TARGET = 15.5;
				MARKETING_VERSION = 1.0;
				PRODUCT_BUNDLE_IDENTIFIER = com.stevenpounds.PicMobTests;
				PRODUCT_NAME = "$(TARGET_NAME)";
				SWIFT_EMIT_LOC_STRINGS = NO;
				SWIFT_VERSION = 5.0;
				TEST_HOST = "$(BUILT_PRODUCTS_DIR)/PicMob.app/$(BUNDLE_EXECUTABLE_FOLDER_PATH)/PicMob";
			};
			name = Release;
		};
		CAEA927E2E50110100FB0A5B /* Debug */ = {
			isa = XCBuildConfiguration;
			buildSettings = {
				CODE_SIGN_STYLE = Automatic;
				CURRENT_PROJECT_VERSION = 1;
				DEVELOPMENT_TEAM = 538QNVLWHG;
				GENERATE_INFOPLIST_FILE = YES;
				MARKETING_VERSION = 1.0;
				PRODUCT_BUNDLE_IDENTIFIER = com.stevenpounds.PicMobUITests;
				PRODUCT_NAME = "$(TARGET_NAME)";
				SWIFT_EMIT_LOC_STRINGS = NO;
				SWIFT_VERSION = 5.0;
				TEST_TARGET_NAME = PicMob;
			};
			name = Debug;
		};
		CAEA927F2E50110100FB0A5B /* Release */ = {
			isa = XCBuildConfiguration;
			buildSettings = {
				CODE_SIGN_STYLE = Automatic;
				CURRENT_PROJECT_VERSION = 1;
				DEVELOPMENT_TEAM = 538QNVLWHG;
				GENERATE_INFOPLIST_FILE = YES;
				MARKETING_VERSION = 1.0;
				PRODUCT_BUNDLE_IDENTIFIER = com.stevenpounds.PicMobUITests;
				PRODUCT_NAME = "$(TARGET_NAME)";
				SWIFT_EMIT_LOC_STRINGS = NO;
				SWIFT_VERSION = 5.0;
				TEST_TARGET_NAME = PicMob;
			};
			name = Release;
		};
/* End XCBuildConfiguration section */

/* Begin XCConfigurationList section */
		CAEA924B2E5010FE00FB0A5B /* Build configuration list for PBXProject "PicMob" */ = {
			isa = XCConfigurationList;
			buildConfigurations = (
				CAEA92752E50110100FB0A5B /* Debug */,
				CAEA92762E50110100FB0A5B /* Release */,
			);
			defaultConfigurationIsVisible = 0;
			defaultConfigurationName = Release;
		};
		CAEA92772E50110100FB0A5B /* Build configuration list for PBXNativeTarget "PicMob" */ = {
			isa = XCConfigurationList;
			buildConfigurations = (
				CAEA92782E50110100FB0A5B /* Debug */,
				CAEA92792E50110100FB0A5B /* Release */,
			);
			defaultConfigurationIsVisible = 0;
			defaultConfigurationName = Release;
		};
		CAEA927A2E50110100FB0A5B /* Build configuration list for PBXNativeTarget "PicMobTests" */ = {
			isa = XCConfigurationList;
			buildConfigurations = (
				CAEA927B2E50110100FB0A5B /* Debug */,
				CAEA927C2E50110100FB0A5B /* Release */,
			);
			defaultConfigurationIsVisible = 0;
			defaultConfigurationName = Release;
		};
		CAEA927D2E50110100FB0A5B /* Build configuration list for PBXNativeTarget "PicMobUITests" */ = {
			isa = XCConfigurationList;
			buildConfigurations = (
				CAEA927E2E50110100FB0A5B /* Debug */,
				CAEA927F2E50110100FB0A5B /* Release */,
			);
			defaultConfigurationIsVisible = 0;
			defaultConfigurationName = Release;
		};
/* End XCConfigurationList section */
	};
	rootObject = CAEA92482E5010FE00FB0A5B /* Project object */;
}
